
Microsoft Visual Studio Solution File, Format Version 12.00
# Visual Studio Version 17
VisualStudioVersion = 17.14.36310.24 d17.14
MinimumVisualStudioVersion = 10.0.40219.1
Project("{FAE04EC0-301F-11D3-BF4B-00C04F79EFBC}") = "MVCSTUDENTS", "MVCSTUDENTS\MVCSTUDENTS.csproj", "{78A71173-119D-4447-86EA-A6C1DA5CB429}"
EndProject
Project("{FAE04EC0-301F-11D3-BF4B-00C04F79EFBC}") = "MvcDemo.Tests", "MvcDemo.Tests\MvcDemo.Tests.csproj", "{FC513F3C-FFB5-468D-A217-1B90E5CC51D1}"
EndProject
Global
	GlobalSection(SolutionConfigurationPlatforms) = preSolution
		Debug|Any CPU = Debug|Any CPU
		Release|Any CPU = Release|Any CPU
	EndGlobalSection
	GlobalSection(ProjectConfigurationPlatforms) = postSolution
		{78A71173-119D-4447-86EA-A6C1DA5CB429}.Debug|Any CPU.ActiveCfg = Debug|Any CPU
		{78A71173-119D-4447-86EA-A6C1DA5CB429}.Debug|Any CPU.Build.0 = Debug|Any CPU
		{78A71173-119D-4447-86EA-A6C1DA5CB429}.Release|Any CPU.ActiveCfg = Release|Any CPU
		{78A71173-119D-4447-86EA-A6C1DA5CB429}.Release|Any CPU.Build.0 = Release|Any CPU
		{FC513F3C-FFB5-468D-A217-1B90E5CC51D1}.Debug|Any CPU.ActiveCfg = Debug|Any CPU
		{FC513F3C-FFB5-468D-A217-1B90E5CC51D1}.Debug|Any CPU.Build.0 = Debug|Any CPU
		{FC513F3C-FFB5-468D-A217-1B90E5CC51D1}.Release|Any CPU.ActiveCfg = Release|Any CPU
		{FC513F3C-FFB5-468D-A217-1B90E5CC51D1}.Release|Any CPU.Build.0 = Release|Any CPU
	EndGlobalSection
	GlobalSection(SolutionProperties) = preSolution
		HideSolutionNode = FALSE
	EndGlobalSection
	GlobalSection(ExtensibilityGlobals) = postSolution
		SolutionGuid = {5C600E4E-AAB0-4066-9039-75E728DBE5F9}
	EndGlobalSection
EndGlobal
